PODS:
  - AutoCoding (2.2.2)
  - MBJSONMapper (0.1.0):
    - AutoCoding (~> 2.2.2)

DEPENDENCIES:
  - MBJSONMapper (from `../`)

EXTERNAL SOURCES:
  MBJSONMapper:
    :path: "../"

SPEC CHECKSUMS:
  AutoCoding: 56fa46dbfa89d44189a26ce64e6a470ed8ff4661
  MBJSONMapper: 5b0bd3e8caef9c6b2ba00b539f8fec2200ef9098

PODFILE CHECKSUM: 6a9f82b3e819ee7f63203c0b69244c6f48382e0a

COCOAPODS: 1.0.1
